{
  "requires": true,
  "lockfileVersion": 1,
  "dependencies": {
    "vscode-express": {
      "version": "1.0.1",
      "resolved": "https://registry.npmjs.org/vscode-express/-/vscode-express-1.0.1.tgz",
      "integrity": "sha512-FuH71MlL6Vj7OC3SpVoB+bZLY7zwuIm8VWwJsuvtxpP3SQXy69BLml5fJNZLIg21/5rkF1EBTu9qy29c4cMD+A=="
    }
  }
}
